{
  "name": "engee",
  "version": "1.0.0",
  "lockfileVersion": 3,
  "requires": true,
  "packages": {
    "": {
      "name": "engee",
      "version": "1.0.0",
      "license": "ISC",
      "dependencies": {
        "sweetalert2": "^11.7.29"
      }
    },
    "node_modules/sweetalert2": {
      "version": "11.7.29",
      "resolved": "https://registry.npmjs.org/sweetalert2/-/sweetalert2-11.7.29.tgz",
      "integrity": "sha512-oXl//RcQGDWUZqU3fB6zq4qjHQYelIQ9FaJWucsH2tNkN9YGfk0XCAa836rfnV9mNOsaI18gWgIn0NFp0iXAcw==",
      "funding": {
        "type": "individual",
        "url": "https://github.com/sponsors/limonte"
      }
    }
  }
}
